
Microsoft Visual Studio Solution File, Format Version 12.00
# Visual Studio Version 17
VisualStudioVersion = 17.7.34024.191
MinimumVisualStudioVersion = 10.0.40219.1
Project("{FAE04EC0-301F-11D3-BF4B-00C04F79EFBC}") = "WinFormsFirstTask", "WinFormsFirstTask\WinFormsFirstTask.csproj", "{2D15B964-2A8F-4C5F-BC35-416C7B792AB7}"
EndProject
Global
	GlobalSection(SolutionConfigurationPlatforms) = preSolution
		Debug|Any CPU = Debug|Any CPU
		Release|Any CPU = Release|Any CPU
	EndGlobalSection
	GlobalSection(ProjectConfigurationPlatforms) = postSolution
		{2D15B964-2A8F-4C5F-BC35-416C7B792AB7}.Debug|Any CPU.ActiveCfg = Debug|Any CPU
		{2D15B964-2A8F-4C5F-BC35-416C7B792AB7}.Debug|Any CPU.Build.0 = Debug|Any CPU
		{2D15B964-2A8F-4C5F-BC35-416C7B792AB7}.Release|Any CPU.ActiveCfg = Release|Any CPU
		{2D15B964-2A8F-4C5F-BC35-416C7B792AB7}.Release|Any CPU.Build.0 = Release|Any CPU
	EndGlobalSection
	GlobalSection(SolutionProperties) = preSolution
		HideSolutionNode = FALSE
	EndGlobalSection
	GlobalSection(ExtensibilityGlobals) = postSolution
		SolutionGuid = {4AC786E9-F53A-459A-B69B-9737A99D1280}
	EndGlobalSection
EndGlobal
